
Microsoft Visual Studio Solution File, Format Version 12.00
# Visual Studio Version 17
VisualStudioVersion = 17.14.36930.0 d17.14
MinimumVisualStudioVersion = 10.0.40219.1
Project("{FAE04EC0-301F-11D3-BF4B-00C04F79EFBC}") = "BugPredictionBackend", "BugPredictionBackend.csproj", "{4CC1AB0E-1708-42C4-91F0-DEEE555894C7}"
EndProject
Global
	GlobalSection(SolutionConfigurationPlatforms) = preSolution
		Debug|Any CPU = Debug|Any CPU
		Release|Any CPU = Release|Any CPU
	EndGlobalSection
	GlobalSection(ProjectConfigurationPlatforms) = postSolution
		{4CC1AB0E-1708-42C4-91F0-DEEE555894C7}.Debug|Any CPU.ActiveCfg = Debug|Any CPU
		{4CC1AB0E-1708-42C4-91F0-DEEE555894C7}.Debug|Any CPU.Build.0 = Debug|Any CPU
		{4CC1AB0E-1708-42C4-91F0-DEEE555894C7}.Release|Any CPU.ActiveCfg = Release|Any CPU
		{4CC1AB0E-1708-42C4-91F0-DEEE555894C7}.Release|Any CPU.Build.0 = Release|Any CPU
	EndGlobalSection
	GlobalSection(SolutionProperties) = preSolution
		HideSolutionNode = FALSE
	EndGlobalSection
	GlobalSection(ExtensibilityGlobals) = postSolution
		SolutionGuid = {02769FB1-1AD7-4069-94C6-6D36CB480633}
	EndGlobalSection
EndGlobal
